# This file is automatically @generated by Cargo.
# It is not intended for manual editing.
[[package]]
name = "day20"
version = "0.1.0"
dependencies = [
 "factor 0.4.0 (registry+https://github.com/rust-lang/crates.io-index)",
]

[[package]]
name = "factor"
version = "0.4.0"
source = "registry+https://github.com/rust-lang/crates.io-index"

[metadata]
"checksum factor 0.4.0 (registry+https://github.com/rust-lang/crates.io-index)" = "102e2f39755a9cd85dc5f4d932367a516089ea7d50528c6d30eb5ca4fb6030df"
